
Microsoft Visual Studio Solution File, Format Version 12.00
# Visual Studio Version 16
VisualStudioVersion = 16.0.30517.126
MinimumVisualStudioVersion = 10.0.40219.1
Project("{FAE04EC0-301F-11D3-BF4B-00C04F79EFBC}") = "Array Demo", "Array Demo.csproj", "{DF17C14B-991C-4742-AFA6-25EBA3C6F426}"
EndProject
Global
	GlobalSection(SolutionConfigurationPlatforms) = preSolution
		Debug|Any CPU = Debug|Any CPU
		Release|Any CPU = Release|Any CPU
	EndGlobalSection
	GlobalSection(ProjectConfigurationPlatforms) = postSolution
		{DF17C14B-991C-4742-AFA6-25EBA3C6F426}.Debug|Any CPU.ActiveCfg = Debug|Any CPU
		{DF17C14B-991C-4742-AFA6-25EBA3C6F426}.Debug|Any CPU.Build.0 = Debug|Any CPU
		{DF17C14B-991C-4742-AFA6-25EBA3C6F426}.Release|Any CPU.ActiveCfg = Release|Any CPU
		{DF17C14B-991C-4742-AFA6-25EBA3C6F426}.Release|Any CPU.Build.0 = Release|Any CPU
	EndGlobalSection
	GlobalSection(SolutionProperties) = preSolution
		HideSolutionNode = FALSE
	EndGlobalSection
	GlobalSection(ExtensibilityGlobals) = postSolution
		SolutionGuid = {D27DC1D8-3C92-47CA-8CC4-006EA20C1B21}
	EndGlobalSection
EndGlobal
